# THIS IS AN AUTOGENERATED FILE. DO NOT EDIT THIS FILE DIRECTLY.
# yarn lockfile v1


"@abp/aspnetcore.mvc.ui.theme.basic@~9.3.7":
  version "9.3.7"
  resolved "https://registry.yarnpkg.com/@abp/aspnetcore.mvc.ui.theme.basic/-/aspnetcore.mvc.ui.theme.basic-9.3.7.tgz#65d0493a6948995ed50590d651fa711a09b8fcde"
  integrity sha512-wVUGazAiUWvzmBjf6/N0UcUwQ1VuScAinVQIQ3ppwCMsET+OyuhkErKHMWI8iN+hbVlKSuT8coIbf+rr+2qdXg==
  dependencies:
    "@abp/aspnetcore.mvc.ui.theme.shared" "~9.3.7"

"@abp/aspnetcore.mvc.ui.theme.shared@~9.3.7":
  version "9.3.7"
  resolved "https://registry.yarnpkg.com/@abp/aspnetcore.mvc.ui.theme.shared/-/aspnetcore.mvc.ui.theme.shared-9.3.7.tgz#f99c0c1cdf70c52b63b7975461ce55f744346cff"
  integrity sha512-iZMGGxuuV+ER4NKt1KTGOoauJliOYDUkdmhuFA/r1sFATSJjVfbaaTYFzZJMgZgA4N2kCGVDztGyOM5pL9I6qA==
  dependencies:
    "@abp/aspnetcore.mvc.ui" "~9.3.7"
    "@abp/bootstrap" "~9.3.7"
    "@abp/bootstrap-datepicker" "~9.3.7"
    "@abp/bootstrap-daterangepicker" "~9.3.7"
    "@abp/datatables.net-bs5" "~9.3.7"
    "@abp/font-awesome" "~9.3.7"
    "@abp/jquery-form" "~9.3.7"
    "@abp/jquery-validation-unobtrusive" "~9.3.7"
    "@abp/lodash" "~9.3.7"
    "@abp/luxon" "~9.3.7"
    "@abp/malihu-custom-scrollbar-plugin" "~9.3.7"
    "@abp/moment" "~9.3.7"
    "@abp/select2" "~9.3.7"
    "@abp/sweetalert2" "~9.3.7"
    "@abp/timeago" "~9.3.7"

"@abp/aspnetcore.mvc.ui@~9.3.7":
  version "9.3.7"
  resolved "https://registry.yarnpkg.com/@abp/aspnetcore.mvc.ui/-/aspnetcore.mvc.ui-9.3.7.tgz#bc2b0c3020bdb72790a4fbb0fc0c2bc5fb4686f8"
  integrity sha512-tALftOBJ9/2dSOi59knatyluHMy+bb+bf32ujR+AsVQro84GfbJlJ1CM9exx2OO5yUScQCeWw3V8jCboEW29/Q==
  dependencies:
    ansi-colors "^4.1.3"

"@abp/bootstrap-datepicker@~9.3.7":
  version "9.3.7"
  resolved "https://registry.yarnpkg.com/@abp/bootstrap-datepicker/-/bootstrap-datepicker-9.3.7.tgz#b7546813b3ce1ffe53221653d45eaf22ad3412ef"
  integrity sha512-cGnvbARBPKTsJZuTlrPVWFlVAffgcbuATwgMPVa3tcw+x8GYbxNXbvEp6bJnTNx3wXL7LXQ8t20f6prMEyDutg==
  dependencies:
    bootstrap-datepicker "^1.10.0"

"@abp/bootstrap-daterangepicker@~9.3.7":
  version "9.3.7"
  resolved "https://registry.yarnpkg.com/@abp/bootstrap-daterangepicker/-/bootstrap-daterangepicker-9.3.7.tgz#b6b7f93ab78849e7d50bc4e9474fdb0aeef3436e"
  integrity sha512-G5OeXoJZrY4hbd8IxMTXWCcaPbUskJUkxL6wN2sYP+zF10hIZx+TWX1zRp6soj4JdqAYwSI259S+MdPGDZRozw==
  dependencies:
    bootstrap-daterangepicker "^3.1.0"

"@abp/bootstrap@~9.3.7":
  version "9.3.7"
  resolved "https://registry.yarnpkg.com/@abp/bootstrap/-/bootstrap-9.3.7.tgz#f8863f9924032c542aad5985d3632b6232d3568f"
  integrity sha512-4gj+0cCefMgOGoWUJSh5IsNJKBC+gH+os2b/c1wkU4jQgvK2IziKWK5SXRKYstzpCz1nvJnOYtcx7RgOLxI3jg==
  dependencies:
    "@abp/core" "~9.3.7"
    bootstrap "^5.3.3"

"@abp/core@~9.3.7":
  version "9.3.7"
  resolved "https://registry.yarnpkg.com/@abp/core/-/core-9.3.7.tgz#421a5a203dea84ebd367e90163ee9ab70f0ab800"
  integrity sha512-2nVYVPAGB+LDEoWSkG/1JfW0uUy7Tjq1qrunkLZUY/w1AIrMBT644fD/LY4WZ0KuYS6pnncplwBxz1je925H1g==
  dependencies:
    "@abp/utils" "~9.3.7"

"@abp/datatables.net-bs5@~9.3.7":
  version "9.3.7"
  resolved "https://registry.yarnpkg.com/@abp/datatables.net-bs5/-/datatables.net-bs5-9.3.7.tgz#b7fd1d6b275193577797467c0b407aad364f402e"
  integrity sha512-cbo/blrqCgsBUdNfjH3tEj0kBXdmpBbFBnKQGdXU/Hf/w1zDvYGzd1IPHFhGDcW8/ySLsRZeQXZQh3eQJp3qhg==
  dependencies:
    "@abp/datatables.net" "~9.3.7"
    datatables.net-bs5 "^2.1.8"

"@abp/datatables.net@~9.3.7":
  version "9.3.7"
  resolved "https://registry.yarnpkg.com/@abp/datatables.net/-/datatables.net-9.3.7.tgz#4cef7e44d69d3d5e907bc85eeef9cf33fd5b7615"
  integrity sha512-AooNDvdpA+o8MHS5EBKiM0UavtAjVgeymccQxZJAclph4NV2aU+IWNqkc+NSzuWgnPP8rbhetiWLVGZGZNFpoA==
  dependencies:
    "@abp/jquery" "~9.3.7"
    datatables.net "^2.1.8"

"@abp/font-awesome@~9.3.7":
  version "9.3.7"
  resolved "https://registry.yarnpkg.com/@abp/font-awesome/-/font-awesome-9.3.7.tgz#55564419f7a3858929c44decc644bbd2603e6894"
  integrity sha512-EUZS7LiB99M8ztkaDs7AwOMDEsA6EAYN924JHbyoY4ntGzxDi1ghMFUoCimkxuZW/cAU1CPw+BzUVjmo8HUixw==
  dependencies:
    "@abp/core" "~9.3.7"
    "@fortawesome/fontawesome-free" "^6.6.0"

"@abp/jquery-form@~9.3.7":
  version "9.3.7"
  resolved "https://registry.yarnpkg.com/@abp/jquery-form/-/jquery-form-9.3.7.tgz#320ef8b74e5769596e14dcc479174e1f8c95b836"
  integrity sha512-6ID4bQZ6t1BblU/GMnPkqG5XRjcL+W+zCLAX2BxB5dLvLkVNA4d0PffiVznDcHNufXilfFKH9kuwWlUFU6c0cg==
  dependencies:
    "@abp/jquery" "~9.3.7"
    jquery-form "^4.3.0"

"@abp/jquery-validation-unobtrusive@~9.3.7":
  version "9.3.7"
  resolved "https://registry.yarnpkg.com/@abp/jquery-validation-unobtrusive/-/jquery-validation-unobtrusive-9.3.7.tgz#ddc0748cb1be296349536087d8aeb7038acc2d56"
  integrity sha512-MERN8I6Uc9AXni5PurCjAXOBL8lcw+ODDkZytQLEgj6e1GfcMzjFZaFVn7vt5zk7wCUPzYoODBEwu4/wZRLG3w==
  dependencies:
    "@abp/jquery-validation" "~9.3.7"
    jquery-validation-unobtrusive "^4.0.0"

"@abp/jquery-validation@~9.3.7":
  version "9.3.7"
  resolved "https://registry.yarnpkg.com/@abp/jquery-validation/-/jquery-validation-9.3.7.tgz#87eeb0d2b28139773dabe2f15e84dadb90ba850d"
  integrity sha512-zHp9pNzLZQ+X186Z7v69Ygya+QVo6pzJRED/Xfc4ghAfvX/IWuMz5aI+d3WgjqEYyKzdFaXKUm95RzV8G5plpg==
  dependencies:
    "@abp/jquery" "~9.3.7"
    jquery-validation "^1.21.0"

"@abp/jquery@~9.3.7":
  version "9.3.7"
  resolved "https://registry.yarnpkg.com/@abp/jquery/-/jquery-9.3.7.tgz#7a66f653b2f1ff314e0d080f74c31cbca85bf339"
  integrity sha512-xlkaov66TyjXgBbX8dl9abaXAZGZjgsmBjmVDXLzDlilOFtzvd3+M1ggaIcoEPYvrgnt7rcnYymf9GdqnV6YUg==
  dependencies:
    "@abp/core" "~9.3.7"
    jquery "~3.7.1"

"@abp/lodash@~9.3.7":
  version "9.3.7"
  resolved "https://registry.yarnpkg.com/@abp/lodash/-/lodash-9.3.7.tgz#35b994a79a88d613f10102a6c9333bacff4e6fb6"
  integrity sha512-i6TX5V6RMiq9F8Xx7JKD8K9GBMmhgwuNjgQaoqRb70Upar7zE2ww8oG+GotHI/GZ7tWY9J2t7bhndpHVsOzbGQ==
  dependencies:
    "@abp/core" "~9.3.7"
    lodash "^4.17.21"

"@abp/luxon@~9.3.7":
  version "9.3.7"
  resolved "https://registry.yarnpkg.com/@abp/luxon/-/luxon-9.3.7.tgz#0c1d265268166663537ea5ab0ab1b982ecf24837"
  integrity sha512-yQXM+oujvRw+NYELWOEekrmAW+yW/QBcol6BVbz/t4KtacTTUJDBaSGlktUbbvDq1pTb50BPAXa6nVvNsqBW+g==
  dependencies:
    "@abp/core" "~9.3.7"
    luxon "^3.5.0"

"@abp/malihu-custom-scrollbar-plugin@~9.3.7":
  version "9.3.7"
  resolved "https://registry.yarnpkg.com/@abp/malihu-custom-scrollbar-plugin/-/malihu-custom-scrollbar-plugin-9.3.7.tgz#e08847f8ff7039756a6baa651b951329d3c87bc7"
  integrity sha512-EBKfzsCRJUsMsZc5/eMFHz3rjSIIneL8RKkeIpJB9IIh5mCFSS6rD3r4ZKg5pX3dWgXCIrpGE9T6WT2X9F4c1g==
  dependencies:
    "@abp/core" "~9.3.7"
    malihu-custom-scrollbar-plugin "^3.1.5"

"@abp/moment@~9.3.7":
  version "9.3.7"
  resolved "https://registry.yarnpkg.com/@abp/moment/-/moment-9.3.7.tgz#6a985254dd79969004d1fa4f22c9dbc8aec27be5"
  integrity sha512-zXFqglimWRrex7x5FdoNJi3uchdr7NTLwCUrtoAzwMBXrFYTYkgh/FOaAjO1O87TJ0CH4IoQ+r+1dn3fDUGudA==
  dependencies:
    moment "^2.30.1"

"@abp/select2@~9.3.7":
  version "9.3.7"
  resolved "https://registry.yarnpkg.com/@abp/select2/-/select2-9.3.7.tgz#6ef5244ec60037df0f2b0faf3f1fac43c353d8b3"
  integrity sha512-qSEB4M+POKS46UZy/d05Zpq/7Lb9+JvzufN0VM10LfnyxL3olnLc/FxVxbYODvPLOl9wfLbwLbKGujtyxXNKGw==
  dependencies:
    "@abp/core" "~9.3.7"
    select2 "^4.0.13"

"@abp/sweetalert2@~9.3.7":
  version "9.3.7"
  resolved "https://registry.yarnpkg.com/@abp/sweetalert2/-/sweetalert2-9.3.7.tgz#c30e2ee25ff3ef149402d2d8445a2321a512618a"
  integrity sha512-yAkxutUZxN9bepjkmIkNYZ9DfvQYeVGUe5cx0HqHKZjS0PsN7mhLpQzr28PdiwGWb2HysuieALPHOSX6xgeE7w==
  dependencies:
    "@abp/core" "~9.3.7"
    sweetalert2 "^11.14.1"

"@abp/timeago@~9.3.7":
  version "9.3.7"
  resolved "https://registry.yarnpkg.com/@abp/timeago/-/timeago-9.3.7.tgz#308e282e4647b376f0f75cef9cdf2b913252f6c1"
  integrity sha512-RoaYTs+yZaLW854LUeQhXOXZXQc+h+uyY8z42J0Po3jpRQDm6g74WE7mLuEsB31nHGPgfHkU3hkwysA5P8zMiw==
  dependencies:
    "@abp/jquery" "~9.3.7"
    timeago "^1.6.7"

"@abp/utils@~9.3.7":
  version "9.3.7"
  resolved "https://registry.yarnpkg.com/@abp/utils/-/utils-9.3.7.tgz#27f4cbdb376e49c626ce028404cf76544084de8c"
  integrity sha512-uoWts5FayZuSNg3nfjIIHrSjrxLkWqNdM4ivhl1dYooA0qAWYhYJV1ebH62bXHND1tMav1QdIRcOz61DZbhl0Q==
  dependencies:
    just-compare "^2.3.0"

"@fortawesome/fontawesome-free@^6.6.0":
  version "6.7.2"
  resolved "https://registry.yarnpkg.com/@fortawesome/fontawesome-free/-/fontawesome-free-6.7.2.tgz#8249de9b7e22fcb3ceb5e66090c30a1d5492b81a"
  integrity sha512-JUOtgFW6k9u4Y+xeIaEiLr3+cjoUPiAuLXoyKOJSia6Duzb7pq+A76P9ZdPDoAoxHdHzq6gE9/jKBGXlZT8FbA==

ansi-colors@^4.1.3:
  version "4.1.3"
  resolved "https://registry.yarnpkg.com/ansi-colors/-/ansi-colors-4.1.3.tgz#37611340eb2243e70cc604cad35d63270d48781b"
  integrity sha512-/6w/C21Pm1A7aZitlI5Ni/2J6FFQN8i1Cvz3kHABAAbw93v/NlvKdVOqz7CCWz/3iv/JplRSEEZ83XION15ovw==

bootstrap-datepicker@^1.10.0:
  version "1.10.1"
  resolved "https://registry.yarnpkg.com/bootstrap-datepicker/-/bootstrap-datepicker-1.10.1.tgz#0a8bec42957ea1ce1272b91bcf2b53696629fb86"
  integrity sha512-GIe+fsLp9Hi30oW7L2v2Q9/a4+aojrIA2p4ZagtLuKw2lpfQgjJjM0L6vl/lYQydGXWUbpoKbEC/O5tzWIkEKQ==
  dependencies:
    jquery ">=3.4.0 <4.0.0"

bootstrap-daterangepicker@^3.1.0:
  version "3.1.0"
  resolved "https://registry.yarnpkg.com/bootstrap-daterangepicker/-/bootstrap-daterangepicker-3.1.0.tgz#632e6fb2de4b6360c5c0a9d5f6adb9aace051fe8"
  integrity sha512-oaQZx6ZBDo/dZNyXGVi2rx5GmFXThyQLAxdtIqjtLlYVaQUfQALl5JZMJJZzyDIX7blfy4ppZPAJ10g8Ma4d/g==
  dependencies:
    jquery ">=1.10"
    moment "^2.9.0"

bootstrap@^5.3.3:
  version "5.3.8"
  resolved "https://registry.yarnpkg.com/bootstrap/-/bootstrap-5.3.8.tgz#6401a10057a22752d21f4e19055508980656aeed"
  integrity sha512-HP1SZDqaLDPwsNiqRqi5NcP0SSXciX2s9E+RyqJIIqGo+vJeN5AJVM98CXmW/Wux0nQ5L7jeWUdplCEf0Ee+tg==

datatables.net-bs5@^2.1.8:
  version "2.3.6"
  resolved "https://registry.yarnpkg.com/datatables.net-bs5/-/datatables.net-bs5-2.3.6.tgz#88e9b015cb3d260f3e874f0f9ad16dc566b997da"
  integrity sha512-oUNGjZrpNC2fY3l/6V4ijTC9kyVKU4Raons+RFmq2J7590rPn0c+5WAYKBx0evgW/CW7WfhStGBrU7+WJig6Og==
  dependencies:
    datatables.net "2.3.6"
    jquery ">=1.7"

datatables.net@2.3.6, datatables.net@^2.1.8:
  version "2.3.6"
  resolved "https://registry.yarnpkg.com/datatables.net/-/datatables.net-2.3.6.tgz#a11be57a2b50d7231cae2980a8ff1df3c18b7b17"
  integrity sha512-xQ/dCxrjfxM0XY70wSIzakkTZ6ghERwlLmAPyCnu8Sk5cyt9YvOVyOsFNOa/BZ/lM63Q3i2YSSvp/o7GXZGsbg==
  dependencies:
    jquery ">=1.7"

jquery-form@^4.3.0:
  version "4.3.0"
  resolved "https://registry.yarnpkg.com/jquery-form/-/jquery-form-4.3.0.tgz#7d3961c314a1f2d15298f4af1d3943f54f4149c6"
  integrity sha512-q3uaVCEWdLOYUCI6dpNdwf/7cJFOsUgdpq6r0taxtGQ5NJSkOzofyWm4jpOuJ5YxdmL1FI5QR+q+HB63HHLGnQ==
  dependencies:
    jquery ">=1.7.2"

jquery-mousewheel@>=3.0.6:
  version "3.2.2"
  resolved "https://registry.yarnpkg.com/jquery-mousewheel/-/jquery-mousewheel-3.2.2.tgz#48c833f6260ee0c46d438a999e7d0060ec9eed0b"
  integrity sha512-JP71xTAg08ZY3hcs9ZbYUZ5i+dkSsz4yRl/zpWkAmtzc+kMs5EfPkpkINSidiLYMaR0MTo3DfFGF9WIezMsFQQ==
  dependencies:
    jquery ">=1.2.6"

jquery-validation-unobtrusive@^4.0.0:
  version "4.0.0"
  resolved "https://registry.yarnpkg.com/jquery-validation-unobtrusive/-/jquery-validation-unobtrusive-4.0.0.tgz#dfcf25a558496a2c883db6021d10f5398d15f99d"
  integrity sha512-1ervYFFv6LX/rp7ktuLnMakHNG0piNRDyROI8Ir3hL1vPIwylAehB1AY3BPrYJnzW3WmwWryZq+Bz4sazZK9iQ==
  dependencies:
    jquery "^3.6.0"
    jquery-validation ">=1.19"

jquery-validation@>=1.19, jquery-validation@^1.21.0:
  version "1.21.0"
  resolved "https://registry.yarnpkg.com/jquery-validation/-/jquery-validation-1.21.0.tgz#78fc05ab76020912a246af3661b3f54a438bca93"
  integrity sha512-xNot0rlUIgu7duMcQ5qb6MGkGL/Z1PQaRJQoZAURW9+a/2PGOUxY36o/WyNeP2T9R6jvWB8Z9lUVvvQWI/Zs5w==

jquery@>=1.10, jquery@>=1.2.6, "jquery@>=1.5.0 <4.0", jquery@>=1.7, jquery@>=1.7.2, "jquery@>=3.4.0 <4.0.0", jquery@^3.6.0, jquery@~3.7.1:
  version "3.7.1"
  resolved "https://registry.yarnpkg.com/jquery/-/jquery-3.7.1.tgz#083ef98927c9a6a74d05a6af02806566d16274de"
  integrity sha512-m4avr8yL8kmFN8psrbFFFmB/If14iN5o9nw/NgnnM+kybDJpRsAynV2BsfpTYrTRysYUdADVD7CkUUizgkpLfg==

just-compare@^2.3.0:
  version "2.3.0"
  resolved "https://registry.yarnpkg.com/just-compare/-/just-compare-2.3.0.tgz#a2adcc1d1940536263275f5a1ef1298bcacfeda7"
  integrity sha512-6shoR7HDT+fzfL3gBahx1jZG3hWLrhPAf+l7nCwahDdT9XDtosB9kIF0ZrzUp5QY8dJWfQVr5rnsPqsbvflDzg==

lodash@^4.17.21:
  version "4.17.21"
  resolved "https://registry.yarnpkg.com/lodash/-/lodash-4.17.21.tgz#679591c564c3bffaae8454cf0b3df370c3d6911c"
  integrity sha512-v2kDEe57lecTulaDIuNTPy3Ry4gLGJ6Z1O3vE1krgXZNrsQ+LFTGHVxVjcXPs17LhbZVGedAJv8XZ1tvj5FvSg==

luxon@^3.5.0:
  version "3.7.2"
  resolved "https://registry.yarnpkg.com/luxon/-/luxon-3.7.2.tgz#d697e48f478553cca187a0f8436aff468e3ba0ba"
  integrity sha512-vtEhXh/gNjI9Yg1u4jX/0YVPMvxzHuGgCm6tC5kZyb08yjGWGnqAjGJvcXbqQR2P3MyMEFnRbpcdFS6PBcLqew==

malihu-custom-scrollbar-plugin@^3.1.5:
  version "3.1.5"
  resolved "https://registry.yarnpkg.com/malihu-custom-scrollbar-plugin/-/malihu-custom-scrollbar-plugin-3.1.5.tgz#310cecc5e59415a1c29e9dfb5d2b6e01d66a29ef"
  integrity sha512-lwW3LgI+CNDMPnP4ED2la6oYxWMkCXlnhex+s2wuOLhFDFGnGmQuTQVdRK9bvDLpxs10sGlfErVufJy9ztfgJQ==
  dependencies:
    jquery-mousewheel ">=3.0.6"

moment@^2.30.1, moment@^2.9.0:
  version "2.30.1"
  resolved "https://registry.yarnpkg.com/moment/-/moment-2.30.1.tgz#f8c91c07b7a786e30c59926df530b4eac96974ae"
  integrity sha512-uEmtNhbDOrWPFS+hdjFCBfy9f2YoyzRpwcl+DqpC6taX21FzsTLQVbMV/W7PzNSX6x/bhC1zA3c2UQ5NzH6how==

select2@^4.0.13:
  version "4.0.13"
  resolved "https://registry.yarnpkg.com/select2/-/select2-4.0.13.tgz#0dbe377df3f96167c4c1626033e924372d8ef44d"
  integrity sha512-1JeB87s6oN/TDxQQYCvS5EFoQyvV6eYMZZ0AeA4tdFDYWN3BAGZ8npr17UBFddU0lgAt3H0yjX3X6/ekOj1yjw==

sweetalert2@^11.14.1:
  version "11.26.17"
  resolved "https://registry.yarnpkg.com/sweetalert2/-/sweetalert2-11.26.17.tgz#be5dd2a9b8d1c3b2672de4de4d172e62f7be3a6d"
  integrity sha512-kkaySn1IRfwNlf9AkZVqDmBINDWw9NRR6Ij0O5dBRBOD1+mbtZJWxxR9/pA90nce9E5tIIkJ7SWij4rMWXtA1g==

timeago@^1.6.7:
  version "1.6.7"
  resolved "https://registry.yarnpkg.com/timeago/-/timeago-1.6.7.tgz#afd467c29a911e697fc22a81888c7c3022783cb5"
  integrity sha512-FikcjN98+ij0siKH4VO4dZ358PR3oDDq4Vdl1+sN9gWz1/+JXGr3uZbUShYH/hL7bMhcTpPbplJU5Tej4b4jbQ==
  dependencies:
    jquery ">=1.5.0 <4.0"
